
Microsoft Visual Studio Solution File, Format Version 12.00
# Visual Studio Version 17
VisualStudioVersion = 17.6.33815.320
MinimumVisualStudioVersion = 10.0.40219.1
Project("{FAE04EC0-301F-11D3-BF4B-00C04F79EFBC}") = "HomeworkSeminar13072023", "HomeworkSeminar13072023.csproj", "{E7F1F7B4-4B21-48DE-A045-2B82DB43459B}"
EndProject
Global
	GlobalSection(SolutionConfigurationPlatforms) = preSolution
		Debug|Any CPU = Debug|Any CPU
		Release|Any CPU = Release|Any CPU
	EndGlobalSection
	GlobalSection(ProjectConfigurationPlatforms) = postSolution
		{E7F1F7B4-4B21-48DE-A045-2B82DB43459B}.Debug|Any CPU.ActiveCfg = Debug|Any CPU
		{E7F1F7B4-4B21-48DE-A045-2B82DB43459B}.Debug|Any CPU.Build.0 = Debug|Any CPU
		{E7F1F7B4-4B21-48DE-A045-2B82DB43459B}.Release|Any CPU.ActiveCfg = Release|Any CPU
		{E7F1F7B4-4B21-48DE-A045-2B82DB43459B}.Release|Any CPU.Build.0 = Release|Any CPU
	EndGlobalSection
	GlobalSection(SolutionProperties) = preSolution
		HideSolutionNode = FALSE
	EndGlobalSection
	GlobalSection(ExtensibilityGlobals) = postSolution
		SolutionGuid = {89A038CE-97CD-4E23-9B9A-BB25CE2FAA77}
	EndGlobalSection
EndGlobal
